
Microsoft Visual Studio Solution File, Format Version 12.00
# Visual Studio Version 17
VisualStudioVersion = 17.10.35013.160
MinimumVisualStudioVersion = 10.0.40219.1
Project("{FAE04EC0-301F-11D3-BF4B-00C04F79EFBC}") = "inheritance_example", "inheritance_example\inheritance_example.csproj", "{BEE3E43C-929C-4B3F-AE49-6D66E9A0DA22}"
EndProject
Global
	GlobalSection(SolutionConfigurationPlatforms) = preSolution
		Debug|Any CPU = Debug|Any CPU
		Release|Any CPU = Release|Any CPU
	EndGlobalSection
	GlobalSection(ProjectConfigurationPlatforms) = postSolution
		{BEE3E43C-929C-4B3F-AE49-6D66E9A0DA22}.Debug|Any CPU.ActiveCfg = Debug|Any CPU
		{BEE3E43C-929C-4B3F-AE49-6D66E9A0DA22}.Debug|Any CPU.Build.0 = Debug|Any CPU
		{BEE3E43C-929C-4B3F-AE49-6D66E9A0DA22}.Release|Any CPU.ActiveCfg = Release|Any CPU
		{BEE3E43C-929C-4B3F-AE49-6D66E9A0DA22}.Release|Any CPU.Build.0 = Release|Any CPU
	EndGlobalSection
	GlobalSection(SolutionProperties) = preSolution
		HideSolutionNode = FALSE
	EndGlobalSection
	GlobalSection(ExtensibilityGlobals) = postSolution
		SolutionGuid = {333033A0-B1FE-402C-ACF6-3D6FE01DD30B}
	EndGlobalSection
EndGlobal
