
Microsoft Visual Studio Solution File, Format Version 12.00
# Visual Studio Version 17
VisualStudioVersion = 17.10.35013.160
MinimumVisualStudioVersion = 10.0.40219.1
Project("{FAE04EC0-301F-11D3-BF4B-00C04F79EFBC}") = "ExceptionHadling", "ExceptionHadling\ExceptionHadling.csproj", "{CA90E38D-186E-460A-86C2-D0789D0D9006}"
EndProject
Global
	GlobalSection(SolutionConfigurationPlatforms) = preSolution
		Debug|Any CPU = Debug|Any CPU
		Release|Any CPU = Release|Any CPU
	EndGlobalSection
	GlobalSection(ProjectConfigurationPlatforms) = postSolution
		{CA90E38D-186E-460A-86C2-D0789D0D9006}.Debug|Any CPU.ActiveCfg = Debug|Any CPU
		{CA90E38D-186E-460A-86C2-D0789D0D9006}.Debug|Any CPU.Build.0 = Debug|Any CPU
		{CA90E38D-186E-460A-86C2-D0789D0D9006}.Release|Any CPU.ActiveCfg = Release|Any CPU
		{CA90E38D-186E-460A-86C2-D0789D0D9006}.Release|Any CPU.Build.0 = Release|Any CPU
	EndGlobalSection
	GlobalSection(SolutionProperties) = preSolution
		HideSolutionNode = FALSE
	EndGlobalSection
	GlobalSection(ExtensibilityGlobals) = postSolution
		SolutionGuid = {99DF529A-A1AB-47E7-AAFC-6FF1286D2968}
	EndGlobalSection
EndGlobal
