
Microsoft Visual Studio Solution File, Format Version 12.00
# Visual Studio Version 17
VisualStudioVersion = 17.10.35013.160
MinimumVisualStudioVersion = 10.0.40219.1
Project("{FAE04EC0-301F-11D3-BF4B-00C04F79EFBC}") = "string", "string\string.csproj", "{343FCD9B-955D-4BE9-8BCB-8E109CDC9F6C}"
EndProject
Global
	GlobalSection(SolutionConfigurationPlatforms) = preSolution
		Debug|Any CPU = Debug|Any CPU
		Release|Any CPU = Release|Any CPU
	EndGlobalSection
	GlobalSection(ProjectConfigurationPlatforms) = postSolution
		{343FCD9B-955D-4BE9-8BCB-8E109CDC9F6C}.Debug|Any CPU.ActiveCfg = Debug|Any CPU
		{343FCD9B-955D-4BE9-8BCB-8E109CDC9F6C}.Debug|Any CPU.Build.0 = Debug|Any CPU
		{343FCD9B-955D-4BE9-8BCB-8E109CDC9F6C}.Release|Any CPU.ActiveCfg = Release|Any CPU
		{343FCD9B-955D-4BE9-8BCB-8E109CDC9F6C}.Release|Any CPU.Build.0 = Release|Any CPU
	EndGlobalSection
	GlobalSection(SolutionProperties) = preSolution
		HideSolutionNode = FALSE
	EndGlobalSection
	GlobalSection(ExtensibilityGlobals) = postSolution
		SolutionGuid = {6250B506-0BF9-4457-9A14-E62851025779}
	EndGlobalSection
EndGlobal
